version: 1
artifacts:
  "@behisecc/vibesec-skill":
    version: 1.3.0
    integrity: sha256:843457eef8fb7c1fc600f76e780dc673
    source: "@behisecc/vibesec-skill"
    resolved: https://cdn.grekt.com/artifacts/@behisecc/vibesec-skill/1.3.0.tar.gz
    mode: lazy
    files:
      README.md: sha256:f33d8e2ad31a5b3cc6918f1d6948d363
      skills/vibesec.md: sha256:2ca68ed8d1d12b6ab671566487b6d0c0
      grekt.yaml: sha256:0502d107c10c6d05ca57ca4238a9d8f9
